
Microsoft Visual Studio Solution File, Format Version 12.00
# Visual Studio Version 16
VisualStudioVersion = 16.0.31313.79
MinimumVisualStudioVersion = 10.0.40219.1
Project("{9A19103F-16F7-4668-BE54-9A1E7A4F7556}") = "TrueSkills", "TrueSkills\TrueSkills.csproj", "{1BFBC33B-B82C-411B-904E-C11E5C554D20}"
EndProject
Project("{FAE04EC0-301F-11D3-BF4B-00C04F79EFBC}") = "DotNetPusher", "DotNetPusher\DotNetPusher.csproj", "{D90204DA-7055-4276-B696-D7C2B8C80E4B}"
EndProject
Project("{8BC9CEB8-8B4A-11D0-8D11-00A0C91BC942}") = "NativePusher.x64", "DotNetPusher.Native\MediaUtil.x64.vcxproj", "{1F0F7D5D-35FA-48D0-BA38-0EBE1416A991}"
EndProject
Project("{8BC9CEB8-8B4A-11D0-8D11-00A0C91BC942}") = "NativePusher.x86", "DotNetPusher.Native\MediaUtil.x86.vcxproj", "{DB465101-A94A-4B96-AE7B-1EB2D576C956}"
EndProject
Project("{2150E333-8FDC-42A3-9474-1A3956D46DE8}") = "Native", "Native", "{8B89E51A-C050-4AE3-9F6C-B3A45AA8913E}"
EndProject
Project("{8BC9CEB8-8B4A-11D0-8D11-00A0C91BC942}") = "KioskMode", "KioskMode\KioskMode.vcxproj", "{CDD5CC2A-FD88-4118-8A92-D3FED049C16C}"
EndProject
Global
	GlobalSection(SolutionConfigurationPlatforms) = preSolution
		Debug|Any CPU = Debug|Any CPU
		Debug|x64 = Debug|x64
		Debug|x86 = Debug|x86
		Dev|Any CPU = Dev|Any CPU
		Dev|x64 = Dev|x64
		Dev|x86 = Dev|x86
		Release|Any CPU = Release|Any CPU
		Release|x64 = Release|x64
		Release|x86 = Release|x86
	EndGlobalSection
	GlobalSection(ProjectConfigurationPlatforms) = postSolution
		{1BFBC33B-B82C-411B-904E-C11E5C554D20}.Debug|Any CPU.ActiveCfg = Debug|Any CPU
		{1BFBC33B-B82C-411B-904E-C11E5C554D20}.Debug|Any CPU.Build.0 = Debug|Any CPU
		{1BFBC33B-B82C-411B-904E-C11E5C554D20}.Debug|x64.ActiveCfg = Debug|Any CPU
		{1BFBC33B-B82C-411B-904E-C11E5C554D20}.Debug|x64.Build.0 = Debug|Any CPU
		{1BFBC33B-B82C-411B-904E-C11E5C554D20}.Debug|x86.ActiveCfg = Debug|Any CPU
		{1BFBC33B-B82C-411B-904E-C11E5C554D20}.Debug|x86.Build.0 = Debug|Any CPU
		{1BFBC33B-B82C-411B-904E-C11E5C554D20}.Dev|Any CPU.ActiveCfg = Debug|Any CPU
		{1BFBC33B-B82C-411B-904E-C11E5C554D20}.Dev|Any CPU.Build.0 = Debug|Any CPU
		{1BFBC33B-B82C-411B-904E-C11E5C554D20}.Dev|x64.ActiveCfg = Debug|Any CPU
		{1BFBC33B-B82C-411B-904E-C11E5C554D20}.Dev|x64.Build.0 = Debug|Any CPU
		{1BFBC33B-B82C-411B-904E-C11E5C554D20}.Dev|x86.ActiveCfg = Debug|Any CPU
		{1BFBC33B-B82C-411B-904E-C11E5C554D20}.Dev|x86.Build.0 = Debug|Any CPU
		{1BFBC33B-B82C-411B-904E-C11E5C554D20}.Release|Any CPU.ActiveCfg = Release|Any CPU
		{1BFBC33B-B82C-411B-904E-C11E5C554D20}.Release|Any CPU.Build.0 = Release|Any CPU
		{1BFBC33B-B82C-411B-904E-C11E5C554D20}.Release|x64.ActiveCfg = Release|Any CPU
		{1BFBC33B-B82C-411B-904E-C11E5C554D20}.Release|x64.Build.0 = Release|Any CPU
		{1BFBC33B-B82C-411B-904E-C11E5C554D20}.Release|x86.ActiveCfg = Release|Any CPU
		{1BFBC33B-B82C-411B-904E-C11E5C554D20}.Release|x86.Build.0 = Release|Any CPU
		{D90204DA-7055-4276-B696-D7C2B8C80E4B}.Debug|Any CPU.ActiveCfg = Debug|Any CPU
		{D90204DA-7055-4276-B696-D7C2B8C80E4B}.Debug|Any CPU.Build.0 = Debug|Any CPU
		{D90204DA-7055-4276-B696-D7C2B8C80E4B}.Debug|x64.ActiveCfg = Debug|Any CPU
		{D90204DA-7055-4276-B696-D7C2B8C80E4B}.Debug|x64.Build.0 = Debug|Any CPU
		{D90204DA-7055-4276-B696-D7C2B8C80E4B}.Debug|x86.ActiveCfg = Debug|Any CPU
		{D90204DA-7055-4276-B696-D7C2B8C80E4B}.Debug|x86.Build.0 = Debug|Any CPU
		{D90204DA-7055-4276-B696-D7C2B8C80E4B}.Dev|Any CPU.ActiveCfg = Debug|Any CPU
		{D90204DA-7055-4276-B696-D7C2B8C80E4B}.Dev|Any CPU.Build.0 = Debug|Any CPU
		{D90204DA-7055-4276-B696-D7C2B8C80E4B}.Dev|x64.ActiveCfg = Debug|Any CPU
		{D90204DA-7055-4276-B696-D7C2B8C80E4B}.Dev|x64.Build.0 = Debug|Any CPU
		{D90204DA-7055-4276-B696-D7C2B8C80E4B}.Dev|x86.ActiveCfg = Debug|Any CPU
		{D90204DA-7055-4276-B696-D7C2B8C80E4B}.Dev|x86.Build.0 = Debug|Any CPU
		{D90204DA-7055-4276-B696-D7C2B8C80E4B}.Release|Any CPU.ActiveCfg = Release|Any CPU
		{D90204DA-7055-4276-B696-D7C2B8C80E4B}.Release|Any CPU.Build.0 = Release|Any CPU
		{D90204DA-7055-4276-B696-D7C2B8C80E4B}.Release|x64.ActiveCfg = Release|Any CPU
		{D90204DA-7055-4276-B696-D7C2B8C80E4B}.Release|x64.Build.0 = Release|Any CPU
		{D90204DA-7055-4276-B696-D7C2B8C80E4B}.Release|x86.ActiveCfg = Release|Any CPU
		{D90204DA-7055-4276-B696-D7C2B8C80E4B}.Release|x86.Build.0 = Release|Any CPU
		{1F0F7D5D-35FA-48D0-BA38-0EBE1416A991}.Debug|Any CPU.ActiveCfg = Debug|x64
		{1F0F7D5D-35FA-48D0-BA38-0EBE1416A991}.Debug|x64.ActiveCfg = Debug|x64
		{1F0F7D5D-35FA-48D0-BA38-0EBE1416A991}.Debug|x86.ActiveCfg = Debug|x64
		{1F0F7D5D-35FA-48D0-BA38-0EBE1416A991}.Dev|Any CPU.ActiveCfg = Dev|x64
		{1F0F7D5D-35FA-48D0-BA38-0EBE1416A991}.Dev|x64.ActiveCfg = Dev|x64
		{1F0F7D5D-35FA-48D0-BA38-0EBE1416A991}.Dev|x64.Build.0 = Dev|x64
		{1F0F7D5D-35FA-48D0-BA38-0EBE1416A991}.Dev|x86.ActiveCfg = Dev|x64
		{1F0F7D5D-35FA-48D0-BA38-0EBE1416A991}.Release|Any CPU.ActiveCfg = Release|x64
		{1F0F7D5D-35FA-48D0-BA38-0EBE1416A991}.Release|x64.ActiveCfg = Release|x64
		{1F0F7D5D-35FA-48D0-BA38-0EBE1416A991}.Release|x64.Build.0 = Release|x64
		{1F0F7D5D-35FA-48D0-BA38-0EBE1416A991}.Release|x86.ActiveCfg = Release|x64
		{DB465101-A94A-4B96-AE7B-1EB2D576C956}.Debug|Any CPU.ActiveCfg = Debug|Win32
		{DB465101-A94A-4B96-AE7B-1EB2D576C956}.Debug|x64.ActiveCfg = Debug|Win32
		{DB465101-A94A-4B96-AE7B-1EB2D576C956}.Debug|x86.ActiveCfg = Debug|Win32
		{DB465101-A94A-4B96-AE7B-1EB2D576C956}.Debug|x86.Build.0 = Debug|Win32
		{DB465101-A94A-4B96-AE7B-1EB2D576C956}.Dev|Any CPU.ActiveCfg = Dev|Win32
		{DB465101-A94A-4B96-AE7B-1EB2D576C956}.Dev|x64.ActiveCfg = Dev|Win32
		{DB465101-A94A-4B96-AE7B-1EB2D576C956}.Dev|x86.ActiveCfg = Dev|Win32
		{DB465101-A94A-4B96-AE7B-1EB2D576C956}.Dev|x86.Build.0 = Dev|Win32
		{DB465101-A94A-4B96-AE7B-1EB2D576C956}.Release|Any CPU.ActiveCfg = Release|Win32
		{DB465101-A94A-4B96-AE7B-1EB2D576C956}.Release|x64.ActiveCfg = Release|Win32
		{DB465101-A94A-4B96-AE7B-1EB2D576C956}.Release|x86.ActiveCfg = Release|Win32
		{DB465101-A94A-4B96-AE7B-1EB2D576C956}.Release|x86.Build.0 = Release|Win32
		{CDD5CC2A-FD88-4118-8A92-D3FED049C16C}.Debug|Any CPU.ActiveCfg = Debug|x64
		{CDD5CC2A-FD88-4118-8A92-D3FED049C16C}.Debug|x64.ActiveCfg = Debug|x64
		{CDD5CC2A-FD88-4118-8A92-D3FED049C16C}.Debug|x86.ActiveCfg = Debug|Win32
		{CDD5CC2A-FD88-4118-8A92-D3FED049C16C}.Debug|x86.Build.0 = Debug|Win32
		{CDD5CC2A-FD88-4118-8A92-D3FED049C16C}.Dev|Any CPU.ActiveCfg = Debug|Win32
		{CDD5CC2A-FD88-4118-8A92-D3FED049C16C}.Dev|Any CPU.Build.0 = Debug|Win32
		{CDD5CC2A-FD88-4118-8A92-D3FED049C16C}.Dev|x64.ActiveCfg = Debug|x64
		{CDD5CC2A-FD88-4118-8A92-D3FED049C16C}.Dev|x64.Build.0 = Debug|x64
		{CDD5CC2A-FD88-4118-8A92-D3FED049C16C}.Dev|x86.ActiveCfg = Debug|Win32
		{CDD5CC2A-FD88-4118-8A92-D3FED049C16C}.Dev|x86.Build.0 = Debug|Win32
		{CDD5CC2A-FD88-4118-8A92-D3FED049C16C}.Release|Any CPU.ActiveCfg = Release|Win32
		{CDD5CC2A-FD88-4118-8A92-D3FED049C16C}.Release|x64.ActiveCfg = Release|x64
		{CDD5CC2A-FD88-4118-8A92-D3FED049C16C}.Release|x64.Build.0 = Release|x64
		{CDD5CC2A-FD88-4118-8A92-D3FED049C16C}.Release|x86.ActiveCfg = Release|Win32
		{CDD5CC2A-FD88-4118-8A92-D3FED049C16C}.Release|x86.Build.0 = Release|Win32
	EndGlobalSection
	GlobalSection(SolutionProperties) = preSolution
		HideSolutionNode = FALSE
	EndGlobalSection
	GlobalSection(NestedProjects) = preSolution
		{1F0F7D5D-35FA-48D0-BA38-0EBE1416A991} = {8B89E51A-C050-4AE3-9F6C-B3A45AA8913E}
		{DB465101-A94A-4B96-AE7B-1EB2D576C956} = {8B89E51A-C050-4AE3-9F6C-B3A45AA8913E}
	EndGlobalSection
	GlobalSection(ExtensibilityGlobals) = postSolution
		SolutionGuid = {4D2DE8E3-2208-4788-93B6-F20604B6C516}
	EndGlobalSection
EndGlobal
